version: 1.0
shards:
  da:
    github: da99/da
    version: 5.3.1

  da_deploy:
    github: da99/da_deploy
    version: 0.4.1

  da_server:
    github: da99/da_server
    version: 1.0.5

  da_spec:
    github: da99/da_spec.cr
    version: 1.1.1

  inspect_bang:
    github: da99/inspect_bang.cr
    version: 1.0.2

